github.com/AndreasBriese/bbloom v0.0.0-20180913140656-343706a395b7 h1:PqzgE6kAMi81xWQA2QIVxjWkFHptGgC547vchpUbtFo=
github.com/AndreasBriese/bbloom v0.0.0-20180913140656-343706a395b7/go.mod h1:bOvUY6CB00SOBii9/FifXqc0awNKxLFCL/+pkDPuyl8=
github.com/RoaringBitmap/roaring v0.4.16 h1:NholfewybRLOwACgfqfzn/N5xa6keKNs4fP00t0cwLo=
github.com/RoaringBitmap/roaring v0.4.16/go.mod h1:8khRDP4HmeXns4xIj9oGrKSz7XTQiJx2zgh7AcNke4w=
github.com/Smerity/govarint v0.0.0-20150407073650-7265e41f48f1 h1:G/NOANWMQev0CftoyxQwtRakdyNNNMB3qxkt/tj1HGs=
github.com/Smerity/govarint v0.0.0-20150407073650-7265e41f48f1/go.mod h1:o80NPAib/LOl8Eysqppjj7kkGkqz++eqzYGlvROpDcQ=
github.com/blevesearch/bleve v0.7.0 h1:znyZ3zjsh2Scr60vszs7rbF29TU6i1q9bfnZf1vh0Ac=
github.com/blevesearch/bleve v0.7.0/go.mod h1:Y2lmIkzV6mcNfAnAdOd+ZxHkHchhBfU/xroGIp61wfw=
github.com/blevesearch/go-porterstemmer v1.0.1 h1:+ZjIF3K4U+LxqMybaE4hxyMuMvdX1Fq17CyzOXxJaiM=
github.com/blevesearch/go-porterstemmer v1.0.1/go.mod h1:haWQqFT3RdOGz7PJuM3or/pWNJS1pKkoZJWCkWu0DVA=
github.com/blevesearch/segment v0.0.0-20160915185041-762005e7a34f h1:kqbi9lqXLLs+zfWlgo1PIiRQ86n33K1JKotjj4rSYOg=
github.com/blevesearch/segment v0.0.0-20160915185041-762005e7a34f/go.mod h1:IInt5XRvpiGE09KOk9mmCMLjHhydIhNPKPPFLFBB7L8=
github.com/boltdb/bolt v1.3.1/go.mod h1:clJnj/oiGkjum5o1McbSZDSLxVThjynRyGBgiAx27Ps=
github.com/coreos/etcd v3.3.10+incompatible h1:KjVWqrZ5U0wa3CxY2AxlH6/UcB+PK2td1DcsYhA+HRs=
github.com/coreos/etcd v3.3.10+incompatible/go.mod h1:uF7uidLiAD3TWHmW31ZFd/JWoc32PjwdhPthX9715RE=
github.com/couchbase/vellum v0.0.0-20180910213445-01d5c56e6095 h1:dh7mqP7LS9voSd1Wx515giC2lPjPVduBpujISaftHrc=
github.com/couchbase/vellum v0.0.0-20180910213445-01d5c56e6095/go.mod h1:prYTC8EgTu3gwbqJihkud9zRXISvyulAplQ6exdCo1g=
github.com/dgraph-io/badger v0.0.0-00000000000000-439fd464b155d419201a5c195c70d40618376776 h1:vmAteHVECTgqNEUk7DwcSmPkV99gApfvyplEmhnORjU=
github.com/dgraph-io/badger v0.0.0-00000000000000-439fd464b155d419201a5c195c70d40618376776/go.mod h1:VZxzAIRPHRVNRKRo6AXrX9BJegn6il06VMTZVJYCIjQ=
github.com/dgraph-io/badger v1.5.4 h1:gVTrpUTbbr/T24uvoCaqY2KSHfNLVGm0w+hbee2HMeg=
github.com/dgraph-io/badger v1.5.4/go.mod h1:VZxzAIRPHRVNRKRo6AXrX9BJegn6il06VMTZVJYCIjQ=
github.com/dgryski/go-farm v0.0.0-20180109070241-2de33835d102/go.mod h1:SqUrOPUnsFjfmXRMNPybcSiG0BgUW2AuFH8PAnS2iTw=
github.com/edsrzf/mmap-go v0.0.0-20170320065105-0bce6a688712 h1:aaQcKT9WumO6JEJcRyTqFVq4XUZiUcKR2/GI31TOcz8=
github.com/edsrzf/mmap-go v0.0.0-20170320065105-0bce6a688712/go.mod h1:YO35OhQPt3KJa3ryjFM5Bs14WD66h8eGKpfaBNrHW5M=
github.com/glycerine/go-unsnap-stream v0.0.0-20180323001048-9f0cb55181dd h1:r04MMPyLHj/QwZuMJ5+7tJcBr1AQjpiAK/rZWRrQT7o=
github.com/glycerine/go-unsnap-stream v0.0.0-20180323001048-9f0cb55181dd/go.mod h1:/20jfyN9Y5QPEAprSgKAUr+glWDY39ZiUEAYOEv5dsE=
github.com/gogo/protobuf v1.1.1 h1:72R+M5VuhED/KujmZVcIquuo8mBgX4oVda//DQb3PXo=
github.com/gogo/protobuf v1.1.1/go.mod h1:r8qH/GZQm5c6nD/R0oafs1akxWv10x8SbQlK7atdtwQ=
github.com/golang/protobuf v1.2.0 h1:P3YflyNX/ehuJFLhxviNdFxQPkGK5cDcApsge1SqnvM=
github.com/golang/protobuf v1.2.0/go.mod h1:6lQm79b+lXiMfvg/cZm0SGofjICqVBUtrP5yJMmIC1U=
github.com/golang/snappy v0.0.0-20180518054509-2e65f85255db h1:woRePGFeVFfLKN/pOkfl+p/TAqKOfFu+7KPlMVpok/w=
github.com/golang/snappy v0.0.0-20180518054509-2e65f85255db/go.mod h1:/XxbfmMg8lxefKM7IXC3fBNl/7bRcc72aCRzEWrmP2Q=
github.com/labstack/echo v3.3.5+incompatible h1:9PfxPUmasKzeJor9uQTaXLT6WUG/r+vSTmvXxvv3JO4=
github.com/labstack/echo v3.3.5+incompatible/go.mod h1:0INS7j/VjnFxD4E2wkz67b8cVwCLbBmJyDaka6Cmk1s=
github.com/labstack/gommon v0.2.8 h1:JvRqmeZcfrHC5u6uVleB4NxxNbzx6gpbJiQknDbKQu0=
github.com/labstack/gommon v0.2.8/go.mod h1:/tj9csK2iPSBvn+3NLM9e52usepMtrd5ilFYA+wQNJ4=
github.com/mattn/go-colorable v0.0.9/go.mod h1:9vuHe8Xs5qXnSaW/c/ABM9alt+Vo+STaOChaDxuIBZU=
github.com/mattn/go-isatty v0.0.4 h1:bnP0vzxcAdeI1zdubAl5PjU6zsERjGZb7raWodagDYs=
github.com/mattn/go-isatty v0.0.4/go.mod h1:M+lRXTBqGeGNdLjl/ufCoiOlB5xdOkqRJdNxMWT7Zi4=
github.com/mschoch/smat v0.0.0-20160514031455-90eadee771ae h1:VeRdUYdCw49yizlSbMEn2SZ+gT+3IUKx8BqxyQdz+BY=
github.com/mschoch/smat v0.0.0-20160514031455-90eadee771ae/go.mod h1:qAyveg+e4CE+eKJXWVjKXM4ck2QobLqTDytGJbLLhJg=
github.com/muesli/cache2go v0.0.0-20181026141944-493cbf51ac21 h1:cr+7NHTSx9G1h3DrnsWAPuEB0x2iZSe0lmoAUEey8Z8=
github.com/muesli/cache2go v0.0.0-20181026141944-493cbf51ac21/go.mod h1:414R+qZrt4f9S2TO/s6YVQMNAXR2KdwqQ7pW+O4oYzU=
github.com/philhofer/fwd v1.0.0 h1:UbZqGr5Y38ApvM/V/jEljVxwocdweyH+vmYvRPBnbqQ=
github.com/philhofer/fwd v1.0.0/go.mod h1:gk3iGcWd9+svBvR0sR+KPcfE+RNWozjowpeBVG3ZVNU=
github.com/pkg/errors v0.8.0/go.mod h1:bwawxfHBFNV+L2hUp1rHADufV3IMtnDRdf1r5NINEl0=
github.com/satori/go.uuid v1.2.0 h1:0uYX9dsZ2yD7q2RtLRtPSdGDWzjeM3TbMJP9utgA0ww=
github.com/satori/go.uuid v1.2.0/go.mod h1:dA0hQrYB0VpLJoorglMZABFdXlWrHn1NEOzdhQKdks0=
github.com/steveyen/gtreap v0.0.0-20150807155958-0abe01ef9be2 h1:JNEGSiWg6D3lcBCMCBqN3ELniXujt+0QNHLhNnO0w3s=
github.com/steveyen/gtreap v0.0.0-20150807155958-0abe01ef9be2/go.mod h1:mjqs7N0Q6m5HpR7QfXVBZXZWSqTjQLeTujjA/xUp2uw=
github.com/tinylib/msgp v1.0.2 h1:DfdQrzQa7Yh2es9SuLkixqxuXS2SxsdYn0KbdrOGWD8=
github.com/tinylib/msgp v1.0.2/go.mod h1:+d+yLhGm8mzTaHzB+wgMYrodPfmZrzkirds8fDWklFE=
github.com/valyala/bytebufferpool v1.0.0 h1:GqA5TC/0021Y/b9FG4Oi9Mr3q7XYx6KllzawFIhcdPw=
github.com/valyala/bytebufferpool v1.0.0/go.mod h1:6bBcMArwyJ5K/AmCkWv1jt77kVWyCJ6HpOuEn7z0Csc=
github.com/valyala/fasttemplate v0.0.0-20170224212429-dcecefd839c4/go.mod h1:50wTf68f99/Zt14pr046Tgt3Lp2vLyFZKzbFXTOabXw=
github.com/willf/bitset v1.1.9 h1:GBtFynGY9ZWZmEC9sWuu41/7VBXPFCOAbCbqTflOg9c=
github.com/willf/bitset v1.1.9/go.mod h1:RjeCKbqT1RxIR/KWY6phxZiaY1IyutSBfGjNPySAYV4=
golang.org/x/crypto v0.0.0-20181112202954-3d3f9f413869 h1:kkXA53yGe04D0adEYJwEVQjeBppL01Exg+fnMjfUraU=
golang.org/x/crypto v0.0.0-20181112202954-3d3f9f413869/go.mod h1:6SG95UA2DQfeDnfUPMdvaQW0Q7yPrPDi9nlGo2tz2b4=
golang.org/x/net v0.0.0-20181114220301-adae6a3d119a h1:gOpx8G595UYyvj8UK4+OFyY4rx037g3fmfhe5SasG3U=
golang.org/x/net v0.0.0-20181114220301-adae6a3d119a/go.mod h1:mL1N/T3taQHkDXs73rZJwtUhF3w3ftmwwsq0BUmARs4=
golang.org/x/sys v0.0.0-20181119195503-ec83556a53fe h1:I5KvcSfxR/TkvFksuALBTCS44kh6MaPO1rHR9vT0iQQ=
golang.org/x/sys v0.0.0-20181119195503-ec83556a53fe/go.mod h1:STP8DvDyc/dI5b8T5hshtkjS+E42TnysNCUPdjciGhY=
gopkg.in/square/go-jose.v2 v2.1.9 h1:YCFbL5T2gbmC2sMG12s1x2PAlTK5TZNte3hjZEIcCAg=
gopkg.in/square/go-jose.v2 v2.1.9/go.mod h1:M9dMgbHiYLoDGQrXy7OpJDJWiKiU//h+vD76mk0e1AI=
